// !$*UTF8*$!
{
	archiveVersion = 1;
	classes = {
	};
	objectVersion = 46;
	objects = {

/* Begin PBXBuildFile section */
		667EA4CF18C3060C00E1C249 /* CoreMotion.framework in Frameworks */ = {isa = PBXBuildFile; fileRef = 667EA4CE18C3060C00E1C249 /* CoreMotion.framework */; };
		667EA4D218C308A700E1C249 /* DRMotionViewController.m in Sources */ = {isa = PBXBuildFile; fileRef = 667EA4D118C308A700E1C249 /* DRMotionViewController.m */; };
		66AA0F3B18CD6E460093D5E3 /* LeDiscovery.m in Sources */ = {isa = PBXBuildFile; fileRef = 66AA0F3818CD6E460093D5E3 /* LeDiscovery.m */; };
		66AA0F3C18CD6E460093D5E3 /* LeTemperatureAlarmService.m in Sources */ = {isa = PBXBuildFile; fileRef = 66AA0F3A18CD6E460093D5E3 /* LeTemperatureAlarmService.m */; settings = {COMPILER_FLAGS = "-fno-objc-arc"; }; };
		66AA0F3E18CD6E560093D5E3 /* CoreBluetooth.framework in Frameworks */ = {isa = PBXBuildFile; fileRef = 66AA0F3D18CD6E560093D5E3 /* CoreBluetooth.framework */; };
		66D6FD2E18C2DD3B00783AC8 /* Foundation.framework in Frameworks */ = {isa = PBXBuildFile; fileRef = 66D6FD2D18C2DD3B00783AC8 /* Foundation.framework */; };
		66D6FD3018C2DD3B00783AC8 /* CoreGraphics.framework in Frameworks */ = {isa = PBXBuildFile; fileRef = 66D6FD2F18C2DD3B00783AC8 /* CoreGraphics.framework */; };
		66D6FD3218C2DD3B00783AC8 /* UIKit.framework in Frameworks */ = {isa = PBXBuildFile; fileRef = 66D6FD3118C2DD3B00783AC8 /* UIKit.framework */; };
		66D6FD3818C2DD3B00783AC8 /* InfoPlist.strings in Resources */ = {isa = PBXBuildFile; fileRef = 66D6FD3618C2DD3B00783AC8 /* InfoPlist.strings */; };
		66D6FD3A18C2DD3B00783AC8 /* main.m in Sources */ = {isa = PBXBuildFile; fileRef = 66D6FD3918C2DD3B00783AC8 /* main.m */; };
		66D6FD3E18C2DD3B00783AC8 /* DRAppDelegate.m in Sources */ = {isa = PBXBuildFile; fileRef = 66D6FD3D18C2DD3B00783AC8 /* DRAppDelegate.m */; };
		66D6FD4118C2DD3B00783AC8 /* Main.storyboard in Resources */ = {isa = PBXBuildFile; fileRef = 66D6FD3F18C2DD3B00783AC8 /* Main.storyboard */; };
		66D6FD4418C2DD3B00783AC8 /* DRViewController.m in Sources */ = {isa = PBXBuildFile; fileRef = 66D6FD4318C2DD3B00783AC8 /* DRViewController.m */; };
		66D6FD4618C2DD3B00783AC8 /* Images.xcassets in Resources */ = {isa = PBXBuildFile; fileRef = 66D6FD4518C2DD3B00783AC8 /* Images.xcassets */; };
/* End PBXBuildFile section */

/* Begin PBXFileReference section */
		667EA4CE18C3060C00E1C249 /* CoreMotion.framework */ = {isa = PBXFileReference; lastKnownFileType = wrapper.framework; name = CoreMotion.framework; path = System/Library/Frameworks/CoreMotion.framework; sourceTree = SDKROOT; };
		667EA4D018C308A700E1C249 /* DRMotionViewController.h */ = {isa = PBXFileReference; fileEncoding = 4; lastKnownFileType = sourcecode.c.h; path = DRMotionViewController.h; sourceTree = "<group>"; };
		667EA4D118C308A700E1C249 /* DRMotionViewController.m */ = {isa = PBXFileReference; fileEncoding = 4; lastKnownFileType = sourcecode.c.objc; path = DRMotionViewController.m; sourceTree = "<group>"; };
		66AA0F3718CD6E460093D5E3 /* LeDiscovery.h */ = {isa = PBXFileReference; fileEncoding = 4; lastKnownFileType = sourcecode.c.h; path = LeDiscovery.h; sourceTree = "<group>"; };
		66AA0F3818CD6E460093D5E3 /* LeDiscovery.m */ = {isa = PBXFileReference; fileEncoding = 4; lastKnownFileType = sourcecode.c.objc; path = LeDiscovery.m; sourceTree = "<group>"; };
		66AA0F3918CD6E460093D5E3 /* LeTemperatureAlarmService.h */ = {isa = PBXFileReference; fileEncoding = 4; lastKnownFileType = sourcecode.c.h; path = LeTemperatureAlarmService.h; sourceTree = "<group>"; };
		66AA0F3A18CD6E460093D5E3 /* LeTemperatureAlarmService.m */ = {isa = PBXFileReference; fileEncoding = 4; lastKnownFileType = sourcecode.c.objc; path = LeTemperatureAlarmService.m; sourceTree = "<group>"; };
		66AA0F3D18CD6E560093D5E3 /* CoreBluetooth.framework */ = {isa = PBXFileReference; lastKnownFileType = wrapper.framework; name = CoreBluetooth.framework; path = System/Library/Frameworks/CoreBluetooth.framework; sourceTree = SDKROOT; };
		66D6FD2A18C2DD3B00783AC8 /* Dash.app */ = {isa = PBXFileReference; explicitFileType = wrapper.application; includeInIndex = 0; path = Dash.app; sourceTree = BUILT_PRODUCTS_DIR; };
		66D6FD2D18C2DD3B00783AC8 /* Foundation.framework */ = {isa = PBXFileReference; lastKnownFileType = wrapper.framework; name = Foundation.framework; path = System/Library/Frameworks/Foundation.framework; sourceTree = SDKROOT; };
		66D6FD2F18C2DD3B00783AC8 /* CoreGraphics.framework */ = {isa = PBXFileReference; lastKnownFileType = wrapper.framework; name = CoreGraphics.framework; path = System/Library/Frameworks/CoreGraphics.framework; sourceTree = SDKROOT; };
		66D6FD3118C2DD3B00783AC8 /* UIKit.framework */ = {isa = PBXFileReference; lastKnownFileType = wrapper.framework; name = UIKit.framework; path = System/Library/Frameworks/UIKit.framework; sourceTree = SDKROOT; };
		66D6FD3518C2DD3B00783AC8 /* Dash-Info.plist */ = {isa = PBXFileReference; lastKnownFileType = text.plist.xml; path = "Dash-Info.plist"; sourceTree = "<group>"; };
		66D6FD3718C2DD3B00783AC8 /* en */ = {isa = PBXFileReference; lastKnownFileType = text.plist.strings; name = en; path = en.lproj/InfoPlist.strings; sourceTree = "<group>"; };
		66D6FD3918C2DD3B00783AC8 /* main.m */ = {isa = PBXFileReference; lastKnownFileType = sourcecode.c.objc; path = main.m; sourceTree = "<group>"; };
		66D6FD3B18C2DD3B00783AC8 /* Dash-Prefix.pch */ = {isa = PBXFileReference; lastKnownFileType = sourcecode.c.h; path = "Dash-Prefix.pch"; sourceTree = "<group>"; };
		66D6FD3C18C2DD3B00783AC8 /* DRAppDelegate.h */ = {isa = PBXFileReference; lastKnownFileType = sourcecode.c.h; path = DRAppDelegate.h; sourceTree = "<group>"; };
		66D6FD3D18C2DD3B00783AC8 /* DRAppDelegate.m */ = {isa = PBXFileReference; lastKnownFileType = sourcecode.c.objc; path = DRAppDelegate.m; sourceTree = "<group>"; };
		66D6FD4018C2DD3B00783AC8 /* Base */ = {isa = PBXFileReference; lastKnownFileType = file.storyboard; name = Base; path = Base.lproj/Main.storyboard; sourceTree = "<group>"; };
		66D6FD4218C2DD3B00783AC8 /* DRViewController.h */ = {isa = PBXFileReference; lastKnownFileType = sourcecode.c.h; path = DRViewController.h; sourceTree = "<group>"; };
		66D6FD4318C2DD3B00783AC8 /* DRViewController.m */ = {isa = PBXFileReference; lastKnownFileType = sourcecode.c.objc; path = DRViewController.m; sourceTree = "<group>"; };
		66D6FD4518C2DD3B00783AC8 /* Images.xcassets */ = {isa = PBXFileReference; lastKnownFileType = folder.assetcatalog; path = Images.xcassets; sourceTree = "<group>"; };
/* End PBXFileReference section */

/* Begin PBXFrameworksBuildPhase section */
		66D6FD2718C2DD3B00783AC8 /* Frameworks */ = {
			isa = PBXFrameworksBuildPhase;
			buildActionMask = 2147483647;
			files = (
				66AA0F3E18CD6E560093D5E3 /* CoreBluetooth.framework in Frameworks */,
				667EA4CF18C3060C00E1C249 /* CoreMotion.framework in Frameworks */,
				66D6FD3018C2DD3B00783AC8 /* CoreGraphics.framework in Frameworks */,
				66D6FD3218C2DD3B00783AC8 /* UIKit.framework in Frameworks */,
				66D6FD2E18C2DD3B00783AC8 /* Foundation.framework in Frameworks */,
			);
			runOnlyForDeploymentPostprocessing = 0;
		};
/* End PBXFrameworksBuildPhase section */

/* Begin PBXGroup section */
		66AA0F3618CD6E460093D5E3 /* BLE */ = {
			isa = PBXGroup;
			children = (
				66AA0F3718CD6E460093D5E3 /* LeDiscovery.h */,
				66AA0F3818CD6E460093D5E3 /* LeDiscovery.m */,
				66AA0F3918CD6E460093D5E3 /* LeTemperatureAlarmService.h */,
				66AA0F3A18CD6E460093D5E3 /* LeTemperatureAlarmService.m */,
			);
			name = BLE;
			path = ../../dash/Dash/BLE;
			sourceTree = "<group>";
		};
		66D6FD2118C2DD3B00783AC8 = {
			isa = PBXGroup;
			children = (
				66D6FD3318C2DD3B00783AC8 /* Dash */,
				66D6FD2C18C2DD3B00783AC8 /* Frameworks */,
				66D6FD2B18C2DD3B00783AC8 /* Products */,
			);
			sourceTree = "<group>";
		};
		66D6FD2B18C2DD3B00783AC8 /* Products */ = {
			isa = PBXGroup;
			children = (
				66D6FD2A18C2DD3B00783AC8 /* Dash.app */,
			);
			name = Products;
			sourceTree = "<group>";
		};
		66D6FD2C18C2DD3B00783AC8 /* Frameworks */ = {
			isa = PBXGroup;
			children = (
				66AA0F3D18CD6E560093D5E3 /* CoreBluetooth.framework */,
				667EA4CE18C3060C00E1C249 /* CoreMotion.framework */,
				66D6FD2D18C2DD3B00783AC8 /* Foundation.framework */,
				66D6FD2F18C2DD3B00783AC8 /* CoreGraphics.framework */,
				66D6FD3118C2DD3B00783AC8 /* UIKit.framework */,
			);
			name = Frameworks;
			sourceTree = "<group>";
		};
		66D6FD3318C2DD3B00783AC8 /* Dash */ = {
			isa = PBXGroup;
			children = (
				66D6FD3C18C2DD3B00783AC8 /* DRAppDelegate.h */,
				66D6FD3D18C2DD3B00783AC8 /* DRAppDelegate.m */,
				66AA0F3618CD6E460093D5E3 /* BLE */,
				66D6FD3F18C2DD3B00783AC8 /* Main.storyboard */,
				66D6FD4218C2DD3B00783AC8 /* DRViewController.h */,
				66D6FD4318C2DD3B00783AC8 /* DRViewController.m */,
				667EA4D018C308A700E1C249 /* DRMotionViewController.h */,
				667EA4D118C308A700E1C249 /* DRMotionViewController.m */,
				66D6FD4518C2DD3B00783AC8 /* Images.xcassets */,
				66D6FD3418C2DD3B00783AC8 /* Supporting Files */,
			);
			path = Dash;
			sourceTree = "<group>";
		};
		66D6FD3418C2DD3B00783AC8 /* Supporting Files */ = {
			isa = PBXGroup;
			children = (
				66D6FD3518C2DD3B00783AC8 /* Dash-Info.plist */,
				66D6FD3618C2DD3B00783AC8 /* InfoPlist.strings */,
				66D6FD3918C2DD3B00783AC8 /* main.m */,
				66D6FD3B18C2DD3B00783AC8 /* Dash-Prefix.pch */,
			);
			name = "Supporting Files";
			sourceTree = "<group>";
		};
/* End PBXGroup section */

/* Begin PBXNativeTarget section */
		66D6FD2918C2DD3B00783AC8 /* Dash */ = {
			isa = PBXNativeTarget;
			buildConfigurationList = 66D6FD5C18C2DD3C00783AC8 /* Build configuration list for PBXNativeTarget "Dash" */;
			buildPhases = (
				66D6FD2618C2DD3B00783AC8 /* Sources */,
				66D6FD2718C2DD3B00783AC8 /* Frameworks */,
				66D6FD2818C2DD3B00783AC8 /* Resources */,
			);
			buildRules = (
			);
			dependencies = (
			);
			name = Dash;
			productName = Dash;
			productReference = 66D6FD2A18C2DD3B00783AC8 /* Dash.app */;
			productType = "com.apple.product-type.application";
		};
/* End PBXNativeTarget section */

/* Begin PBXProject section */
		66D6FD2218C2DD3B00783AC8 /* Project object */ = {
			isa = PBXProject;
			attributes = {
				CLASSPREFIX = DR;
				LastUpgradeCheck = 0500;
				ORGANIZATIONNAME = "Dash Robotics";
				TargetAttributes = {
					66D6FD2918C2DD3B00783AC8 = {
						DevelopmentTeam = L5T7836Q72;
					};
				};
			};
			buildConfigurationList = 66D6FD2518C2DD3B00783AC8 /* Build configuration list for PBXProject "Dash" */;
			compatibilityVersion = "Xcode 3.2";
			developmentRegion = English;
			hasScannedForEncodings = 0;
			knownRegions = (
				en,
				Base,
			);
			mainGroup = 66D6FD2118C2DD3B00783AC8;
			productRefGroup = 66D6FD2B18C2DD3B00783AC8 /* Products */;
			projectDirPath = "";
			projectRoot = "";
			targets = (
				66D6FD2918C2DD3B00783AC8 /* Dash */,
			);
		};
/* End PBXProject section */

/* Begin PBXResourcesBuildPhase section */
		66D6FD2818C2DD3B00783AC8 /* Resources */ = {
			isa = PBXResourcesBuildPhase;
			buildActionMask = 2147483647;
			files = (
				66D6FD4618C2DD3B00783AC8 /* Images.xcassets in Resources */,
				66D6FD3818C2DD3B00783AC8 /* InfoPlist.strings in Resources */,
				66D6FD4118C2DD3B00783AC8 /* Main.storyboard in Resources */,
			);
			runOnlyForDeploymentPostprocessing = 0;
		};
/* End PBXResourcesBuildPhase section */

/* Begin PBXSourcesBuildPhase section */
		66D6FD2618C2DD3B00783AC8 /* Sources */ = {
			isa = PBXSourcesBuildPhase;
			buildActionMask = 2147483647;
			files = (
				66D6FD3E18C2DD3B00783AC8 /* DRAppDelegate.m in Sources */,
				66AA0F3B18CD6E460093D5E3 /* LeDiscovery.m in Sources */,
				66D6FD4418C2DD3B00783AC8 /* DRViewController.m in Sources */,
				66AA0F3C18CD6E460093D5E3 /* LeTemperatureAlarmService.m in Sources */,
				667EA4D218C308A700E1C249 /* DRMotionViewController.m in Sources */,
				66D6FD3A18C2DD3B00783AC8 /* main.m in Sources */,
			);
			runOnlyForDeploymentPostprocessing = 0;
		};
/* End PBXSourcesBuildPhase section */

/* Begin PBXVariantGroup section */
		66D6FD3618C2DD3B00783AC8 /* InfoPlist.strings */ = {
			isa = PBXVariantGroup;
			children = (
				66D6FD3718C2DD3B00783AC8 /* en */,
			);
			name = InfoPlist.strings;
			sourceTree = "<group>";
		};
		66D6FD3F18C2DD3B00783AC8 /* Main.storyboard */ = {
			isa = PBXVariantGroup;
			children = (
				66D6FD4018C2DD3B00783AC8 /* Base */,
			);
			name = Main.storyboard;
			sourceTree = "<group>";
		};
/* End PBXVariantGroup section */

/* Begin XCBuildConfiguration section */
		66D6FD5A18C2DD3C00783AC8 /* Debug */ = {
			isa = XCBuildConfiguration;
			buildSettings = {
				ALWAYS_SEARCH_USER_PATHS = NO;
				ARCHS = "$(ARCHS_STANDARD_INCLUDING_64_BIT)";
				CLANG_CXX_LANGUAGE_STANDARD = "gnu++0x";
				CLANG_CXX_LIBRARY = "libc++";
				CLANG_ENABLE_MODULES = YES;
				CLANG_ENABLE_OBJC_ARC = YES;
				CLANG_WARN_BOOL_CONVERSION = YES;
				CLANG_WARN_CONSTANT_CONVERSION = YES;
				CLANG_WARN_DIRECT_OBJC_ISA_USAGE = YES_ERROR;
				CLANG_WARN_EMPTY_BODY = YES;
				CLANG_WARN_ENUM_CONVERSION = YES;
				CLANG_WARN_INT_CONVERSION = YES;
				CLANG_WARN_OBJC_ROOT_CLASS = YES_ERROR;
				CLANG_WARN__DUPLICATE_METHOD_MATCH = YES;
				"CODE_SIGN_IDENTITY[sdk=iphoneos*]" = "iPhone Developer";
				COPY_PHASE_STRIP = NO;
				GCC_C_LANGUAGE_STANDARD = gnu99;
				GCC_DYNAMIC_NO_PIC = NO;
				GCC_OPTIMIZATION_LEVEL = 0;
				GCC_PREPROCESSOR_DEFINITIONS = (
					"DEBUG=1",
					"$(inherited)",
				);
				GCC_SYMBOLS_PRIVATE_EXTERN = NO;
				GCC_WARN_64_TO_32_BIT_CONVERSION = YES;
				GCC_WARN_ABOUT_RETURN_TYPE = YES_ERROR;
				GCC_WARN_UNDECLARED_SELECTOR = YES;
				GCC_WARN_UNINITIALIZED_AUTOS = YES;
				GCC_WARN_UNUSED_FUNCTION = YES;
				GCC_WARN_UNUSED_VARIABLE = YES;
				IPHONEOS_DEPLOYMENT_TARGET = 7.0;
				ONLY_ACTIVE_ARCH = YES;
				SDKROOT = iphoneos;
			};
			name = Debug;
		};
		66D6FD5B18C2DD3C00783AC8 /* Release */ = {
			isa = XCBuildConfiguration;
			buildSettings = {
				ALWAYS_SEARCH_USER_PATHS = NO;
				ARCHS = "$(ARCHS_STANDARD_INCLUDING_64_BIT)";
				CLANG_CXX_LANGUAGE_STANDARD = "gnu++0x";
				CLANG_CXX_LIBRARY = "libc++";
				CLANG_ENABLE_MODULES = YES;
				CLANG_ENABLE_OBJC_ARC = YES;
				CLANG_WARN_BOOL_CONVERSION = YES;
				CLANG_WARN_CONSTANT_CONVERSION = YES;
				CLANG_WARN_DIRECT_OBJC_ISA_USAGE = YES_ERROR;
				CLANG_WARN_EMPTY_BODY = YES;
				CLANG_WARN_ENUM_CONVERSION = YES;
				CLANG_WARN_INT_CONVERSION = YES;
				CLANG_WARN_OBJC_ROOT_CLASS = YES_ERROR;
				CLANG_WARN__DUPLICATE_METHOD_MATCH = YES;
				"CODE_SIGN_IDENTITY[sdk=iphoneos*]" = "iPhone Developer";
				COPY_PHASE_STRIP = YES;
				ENABLE_NS_ASSERTIONS = NO;
				GCC_C_LANGUAGE_STANDARD = gnu99;
				GCC_WARN_64_TO_32_BIT_CONVERSION = YES;
				GCC_WARN_ABOUT_RETURN_TYPE = YES_ERROR;
				GCC_WARN_UNDECLARED_SELECTOR = YES;
				GCC_WARN_UNINITIALIZED_AUTOS = YES;
				GCC_WARN_UNUSED_FUNCTION = YES;
				GCC_WARN_UNUSED_VARIABLE = YES;
				IPHONEOS_DEPLOYMENT_TARGET = 7.0;
				SDKROOT = iphoneos;
				VALIDATE_PRODUCT = YES;
			};
			name = Release;
		};
		66D6FD5D18C2DD3C00783AC8 /* Debug */ = {
			isa = XCBuildConfiguration;
			buildSettings = {
				ASSETCATALOG_COMPILER_APPICON_NAME = AppIcon;
				ASSETCATALOG_COMPILER_LAUNCHIMAGE_NAME = LaunchImage;
				CLANG_ENABLE_OBJC_ARC = YES;
				CODE_SIGN_IDENTITY = "iPhone Developer";
				GCC_PRECOMPILE_PREFIX_HEADER = YES;
				GCC_PREFIX_HEADER = "Dash/Dash-Prefix.pch";
				INFOPLIST_FILE = "Dash/Dash-Info.plist";
				PRODUCT_NAME = "$(TARGET_NAME)";
				PROVISIONING_PROFILE = "41A4E42E-5ACF-4DF8-AEC5-DA6956CC0EE5";
				WRAPPER_EXTENSION = app;
			};
			name = Debug;
		};
		66D6FD5E18C2DD3C00783AC8 /* Release */ = {
			isa = XCBuildConfiguration;
			buildSettings = {
				ASSETCATALOG_COMPILER_APPICON_NAME = AppIcon;
				ASSETCATALOG_COMPILER_LAUNCHIMAGE_NAME = LaunchImage;
				CLANG_ENABLE_OBJC_ARC = YES;
				CODE_SIGN_IDENTITY = "iPhone Developer";
				GCC_PRECOMPILE_PREFIX_HEADER = YES;
				GCC_PREFIX_HEADER = "Dash/Dash-Prefix.pch";
				INFOPLIST_FILE = "Dash/Dash-Info.plist";
				PRODUCT_NAME = "$(TARGET_NAME)";
				PROVISIONING_PROFILE = "";
				WRAPPER_EXTENSION = app;
			};
			name = Release;
		};
/* End XCBuildConfiguration section */

/* Begin XCConfigurationList section */
		66D6FD2518C2DD3B00783AC8 /* Build configuration list for PBXProject "Dash" */ = {
			isa = XCConfigurationList;
			buildConfigurations = (
				66D6FD5A18C2DD3C00783AC8 /* Debug */,
				66D6FD5B18C2DD3C00783AC8 /* Release */,
			);
			defaultConfigurationIsVisible = 0;
			defaultConfigurationName = Release;
		};
		66D6FD5C18C2DD3C00783AC8 /* Build configuration list for PBXNativeTarget "Dash" */ = {
			isa = XCConfigurationList;
			buildConfigurations = (
				66D6FD5D18C2DD3C00783AC8 /* Debug */,
				66D6FD5E18C2DD3C00783AC8 /* Release */,
			);
			defaultConfigurationIsVisible = 0;
			defaultConfigurationName = Release;
		};
/* End XCConfigurationList section */
	};
	rootObject = 66D6FD2218C2DD3B00783AC8 /* Project object */;
}
